// !$*UTF8*$!
{
	archiveVersion = 1;
	classes = {
	};
	objectVersion = 46;
	objects = {

/* Begin PBXBuildFile section */
		C82E89A9205A89920006F938 /* FirstViewController.m in Sources */ = {isa = PBXBuildFile; fileRef = C82E89A8205A89920006F938 /* FirstViewController.m */; };
		C82E89AC205A89AB0006F938 /* SecondViewController.m in Sources */ = {isa = PBXBuildFile; fileRef = C82E89AB205A89AB0006F938 /* SecondViewController.m */; };
		C82E89AF205A8A1C0006F938 /* SwitchViewController.m in Sources */ = {isa = PBXBuildFile; fileRef = C82E89AE205A8A1C0006F938 /* SwitchViewController.m */; };
		C8353DD82059189900DE7F45 /* main.m in Sources */ = {isa = PBXBuildFile; fileRef = C8353DD72059189900DE7F45 /* main.m */; };
		C8353DDB2059189900DE7F45 /* AppDelegate.m in Sources */ = {isa = PBXBuildFile; fileRef = C8353DDA2059189900DE7F45 /* AppDelegate.m */; };
		C8353DE12059189900DE7F45 /* Main.storyboard in Resources */ = {isa = PBXBuildFile; fileRef = C8353DDF2059189900DE7F45 /* Main.storyboard */; };
		C8353DE32059189900DE7F45 /* Assets.xcassets in Resources */ = {isa = PBXBuildFile; fileRef = C8353DE22059189900DE7F45 /* Assets.xcassets */; };
		C8353DE62059189900DE7F45 /* LaunchScreen.storyboard in Resources */ = {isa = PBXBuildFile; fileRef = C8353DE42059189900DE7F45 /* LaunchScreen.storyboard */; };
		C8353DF2205919C900DE7F45 /* MainViewController.m in Sources */ = {isa = PBXBuildFile; fileRef = C8353DF1205919C900DE7F45 /* MainViewController.m */; };
		C8353DF520591B9B00DE7F45 /* ItemListViewControllerOne.m in Sources */ = {isa = PBXBuildFile; fileRef = C8353DF420591B9B00DE7F45 /* ItemListViewControllerOne.m */; };
		C8353DF820591BB300DE7F45 /* ItemListViewControllerTwo.m in Sources */ = {isa = PBXBuildFile; fileRef = C8353DF720591BB300DE7F45 /* ItemListViewControllerTwo.m */; };
		C8353DFA20593BE600DE7F45 /* Sub.storyboard in Resources */ = {isa = PBXBuildFile; fileRef = C8353DF920593BE600DE7F45 /* Sub.storyboard */; };
		C8353DFD20593C8900DE7F45 /* SubItemViewController.m in Sources */ = {isa = PBXBuildFile; fileRef = C8353DFC20593C8900DE7F45 /* SubItemViewController.m */; };
		C8353E0020593E0500DE7F45 /* MainTabViewController.m in Sources */ = {isa = PBXBuildFile; fileRef = C8353DFF20593E0500DE7F45 /* MainTabViewController.m */; };
/* End PBXBuildFile section */

/* Begin PBXFileReference section */
		C82E89A7205A89920006F938 /* FirstViewController.h */ = {isa = PBXFileReference; fileEncoding = 4; lastKnownFileType = sourcecode.c.h; path = FirstViewController.h; sourceTree = "<group>"; };
		C82E89A8205A89920006F938 /* FirstViewController.m */ = {isa = PBXFileReference; fileEncoding = 4; lastKnownFileType = sourcecode.c.objc; path = FirstViewController.m; sourceTree = "<group>"; };
		C82E89AA205A89AB0006F938 /* SecondViewController.h */ = {isa = PBXFileReference; fileEncoding = 4; lastKnownFileType = sourcecode.c.h; path = SecondViewController.h; sourceTree = "<group>"; };
		C82E89AB205A89AB0006F938 /* SecondViewController.m */ = {isa = PBXFileReference; fileEncoding = 4; lastKnownFileType = sourcecode.c.objc; path = SecondViewController.m; sourceTree = "<group>"; };
		C82E89AD205A8A1C0006F938 /* SwitchViewController.h */ = {isa = PBXFileReference; fileEncoding = 4; lastKnownFileType = sourcecode.c.h; path = SwitchViewController.h; sourceTree = "<group>"; };
		C82E89AE205A8A1C0006F938 /* SwitchViewController.m */ = {isa = PBXFileReference; fileEncoding = 4; lastKnownFileType = sourcecode.c.objc; path = SwitchViewController.m; sourceTree = "<group>"; };
		C8353DD32059189900DE7F45 /* contentViewDemo.app */ = {isa = PBXFileReference; explicitFileType = wrapper.application; includeInIndex = 0; path = contentViewDemo.app; sourceTree = BUILT_PRODUCTS_DIR; };
		C8353DD72059189900DE7F45 /* main.m */ = {isa = PBXFileReference; lastKnownFileType = sourcecode.c.objc; path = main.m; sourceTree = "<group>"; };
		C8353DD92059189900DE7F45 /* AppDelegate.h */ = {isa = PBXFileReference; lastKnownFileType = sourcecode.c.h; path = AppDelegate.h; sourceTree = "<group>"; };
		C8353DDA2059189900DE7F45 /* AppDelegate.m */ = {isa = PBXFileReference; lastKnownFileType = sourcecode.c.objc; path = AppDelegate.m; sourceTree = "<group>"; };
		C8353DE02059189900DE7F45 /* Base */ = {isa = PBXFileReference; lastKnownFileType = file.storyboard; name = Base; path = Base.lproj/Main.storyboard; sourceTree = "<group>"; };
		C8353DE22059189900DE7F45 /* Assets.xcassets */ = {isa = PBXFileReference; lastKnownFileType = folder.assetcatalog; path = Assets.xcassets; sourceTree = "<group>"; };
		C8353DE52059189900DE7F45 /* Base */ = {isa = PBXFileReference; lastKnownFileType = file.storyboard; name = Base; path = Base.lproj/LaunchScreen.storyboard; sourceTree = "<group>"; };
		C8353DE72059189900DE7F45 /* Info.plist */ = {isa = PBXFileReference; lastKnownFileType = text.plist.xml; path = Info.plist; sourceTree = "<group>"; };
		C8353DF0205919C900DE7F45 /* MainViewController.h */ = {isa = PBXFileReference; fileEncoding = 4; lastKnownFileType = sourcecode.c.h; path = MainViewController.h; sourceTree = "<group>"; };
		C8353DF1205919C900DE7F45 /* MainViewController.m */ = {isa = PBXFileReference; fileEncoding = 4; lastKnownFileType = sourcecode.c.objc; path = MainViewController.m; sourceTree = "<group>"; };
		C8353DF320591B9B00DE7F45 /* ItemListViewControllerOne.h */ = {isa = PBXFileReference; fileEncoding = 4; lastKnownFileType = sourcecode.c.h; path = ItemListViewControllerOne.h; sourceTree = "<group>"; };
		C8353DF420591B9B00DE7F45 /* ItemListViewControllerOne.m */ = {isa = PBXFileReference; fileEncoding = 4; lastKnownFileType = sourcecode.c.objc; path = ItemListViewControllerOne.m; sourceTree = "<group>"; };
		C8353DF620591BB300DE7F45 /* ItemListViewControllerTwo.h */ = {isa = PBXFileReference; fileEncoding = 4; lastKnownFileType = sourcecode.c.h; path = ItemListViewControllerTwo.h; sourceTree = "<group>"; };
		C8353DF720591BB300DE7F45 /* ItemListViewControllerTwo.m */ = {isa = PBXFileReference; fileEncoding = 4; lastKnownFileType = sourcecode.c.objc; path = ItemListViewControllerTwo.m; sourceTree = "<group>"; };
		C8353DF920593BE600DE7F45 /* Sub.storyboard */ = {isa = PBXFileReference; fileEncoding = 4; lastKnownFileType = file.storyboard; path = Sub.storyboard; sourceTree = "<group>"; };
		C8353DFB20593C8900DE7F45 /* SubItemViewController.h */ = {isa = PBXFileReference; fileEncoding = 4; lastKnownFileType = sourcecode.c.h; path = SubItemViewController.h; sourceTree = "<group>"; };
		C8353DFC20593C8900DE7F45 /* SubItemViewController.m */ = {isa = PBXFileReference; fileEncoding = 4; lastKnownFileType = sourcecode.c.objc; path = SubItemViewController.m; sourceTree = "<group>"; };
		C8353DFE20593E0500DE7F45 /* MainTabViewController.h */ = {isa = PBXFileReference; fileEncoding = 4; lastKnownFileType = sourcecode.c.h; path = MainTabViewController.h; sourceTree = "<group>"; };
		C8353DFF20593E0500DE7F45 /* MainTabViewController.m */ = {isa = PBXFileReference; fileEncoding = 4; lastKnownFileType = sourcecode.c.objc; path = MainTabViewController.m; sourceTree = "<group>"; };
/* End PBXFileReference section */

/* Begin PBXFrameworksBuildPhase section */
		C8353DD02059189900DE7F45 /* Frameworks */ = {
			isa = PBXFrameworksBuildPhase;
			buildActionMask = 2147483647;
			files = (
			);
			runOnlyForDeploymentPostprocessing = 0;
		};
/* End PBXFrameworksBuildPhase section */

/* Begin PBXGroup section */
		C8353DCA2059189900DE7F45 = {
			isa = PBXGroup;
			children = (
				C8353DD52059189900DE7F45 /* contentViewDemo */,
				C8353DD42059189900DE7F45 /* Products */,
			);
			sourceTree = "<group>";
		};
		C8353DD42059189900DE7F45 /* Products */ = {
			isa = PBXGroup;
			children = (
				C8353DD32059189900DE7F45 /* contentViewDemo.app */,
			);
			name = Products;
			sourceTree = "<group>";
		};
		C8353DD52059189900DE7F45 /* contentViewDemo */ = {
			isa = PBXGroup;
			children = (
				C8353DD92059189900DE7F45 /* AppDelegate.h */,
				C8353DDA2059189900DE7F45 /* AppDelegate.m */,
				C8353DF0205919C900DE7F45 /* MainViewController.h */,
				C8353DF1205919C900DE7F45 /* MainViewController.m */,
				C8353DFE20593E0500DE7F45 /* MainTabViewController.h */,
				C8353DFF20593E0500DE7F45 /* MainTabViewController.m */,
				C8353DF320591B9B00DE7F45 /* ItemListViewControllerOne.h */,
				C8353DF420591B9B00DE7F45 /* ItemListViewControllerOne.m */,
				C8353DF620591BB300DE7F45 /* ItemListViewControllerTwo.h */,
				C8353DF720591BB300DE7F45 /* ItemListViewControllerTwo.m */,
				C82E89A7205A89920006F938 /* FirstViewController.h */,
				C82E89A8205A89920006F938 /* FirstViewController.m */,
				C82E89AA205A89AB0006F938 /* SecondViewController.h */,
				C82E89AB205A89AB0006F938 /* SecondViewController.m */,
				C82E89AD205A8A1C0006F938 /* SwitchViewController.h */,
				C82E89AE205A8A1C0006F938 /* SwitchViewController.m */,
				C8353DFB20593C8900DE7F45 /* SubItemViewController.h */,
				C8353DFC20593C8900DE7F45 /* SubItemViewController.m */,
				C8353DDF2059189900DE7F45 /* Main.storyboard */,
				C8353DF920593BE600DE7F45 /* Sub.storyboard */,
				C8353DE22059189900DE7F45 /* Assets.xcassets */,
				C8353DE42059189900DE7F45 /* LaunchScreen.storyboard */,
				C8353DE72059189900DE7F45 /* Info.plist */,
				C8353DD62059189900DE7F45 /* Supporting Files */,
			);
			path = contentViewDemo;
			sourceTree = "<group>";
		};
		C8353DD62059189900DE7F45 /* Supporting Files */ = {
			isa = PBXGroup;
			children = (
				C8353DD72059189900DE7F45 /* main.m */,
			);
			name = "Supporting Files";
			sourceTree = "<group>";
		};
/* End PBXGroup section */

/* Begin PBXNativeTarget section */
		C8353DD22059189900DE7F45 /* contentViewDemo */ = {
			isa = PBXNativeTarget;
			buildConfigurationList = C8353DEA2059189900DE7F45 /* Build configuration list for PBXNativeTarget "contentViewDemo" */;
			buildPhases = (
				C8353DCF2059189900DE7F45 /* Sources */,
				C8353DD02059189900DE7F45 /* Frameworks */,
				C8353DD12059189900DE7F45 /* Resources */,
			);
			buildRules = (
			);
			dependencies = (
			);
			name = contentViewDemo;
			productName = contentViewDemo;
			productReference = C8353DD32059189900DE7F45 /* contentViewDemo.app */;
			productType = "com.apple.product-type.application";
		};
/* End PBXNativeTarget section */

/* Begin PBXProject section */
		C8353DCB2059189900DE7F45 /* Project object */ = {
			isa = PBXProject;
			attributes = {
				LastUpgradeCheck = 0810;
				ORGANIZATIONNAME = "yuyun chen";
				TargetAttributes = {
					C8353DD22059189900DE7F45 = {
						CreatedOnToolsVersion = 8.1;
						ProvisioningStyle = Automatic;
					};
				};
			};
			buildConfigurationList = C8353DCE2059189900DE7F45 /* Build configuration list for PBXProject "contentViewDemo" */;
			compatibilityVersion = "Xcode 3.2";
			developmentRegion = English;
			hasScannedForEncodings = 0;
			knownRegions = (
				en,
				Base,
			);
			mainGroup = C8353DCA2059189900DE7F45;
			productRefGroup = C8353DD42059189900DE7F45 /* Products */;
			projectDirPath = "";
			projectRoot = "";
			targets = (
				C8353DD22059189900DE7F45 /* contentViewDemo */,
			);
		};
/* End PBXProject section */

/* Begin PBXResourcesBuildPhase section */
		C8353DD12059189900DE7F45 /* Resources */ = {
			isa = PBXResourcesBuildPhase;
			buildActionMask = 2147483647;
			files = (
				C8353DE62059189900DE7F45 /* LaunchScreen.storyboard in Resources */,
				C8353DE32059189900DE7F45 /* Assets.xcassets in Resources */,
				C8353DE12059189900DE7F45 /* Main.storyboard in Resources */,
				C8353DFA20593BE600DE7F45 /* Sub.storyboard in Resources */,
			);
			runOnlyForDeploymentPostprocessing = 0;
		};
/* End PBXResourcesBuildPhase section */

/* Begin PBXSourcesBuildPhase section */
		C8353DCF2059189900DE7F45 /* Sources */ = {
			isa = PBXSourcesBuildPhase;
			buildActionMask = 2147483647;
			files = (
				C82E89AC205A89AB0006F938 /* SecondViewController.m in Sources */,
				C8353DF820591BB300DE7F45 /* ItemListViewControllerTwo.m in Sources */,
				C8353DDB2059189900DE7F45 /* AppDelegate.m in Sources */,
				C8353DFD20593C8900DE7F45 /* SubItemViewController.m in Sources */,
				C8353DF2205919C900DE7F45 /* MainViewController.m in Sources */,
				C8353DF520591B9B00DE7F45 /* ItemListViewControllerOne.m in Sources */,
				C8353DD82059189900DE7F45 /* main.m in Sources */,
				C8353E0020593E0500DE7F45 /* MainTabViewController.m in Sources */,
				C82E89AF205A8A1C0006F938 /* SwitchViewController.m in Sources */,
				C82E89A9205A89920006F938 /* FirstViewController.m in Sources */,
			);
			runOnlyForDeploymentPostprocessing = 0;
		};
/* End PBXSourcesBuildPhase section */

/* Begin PBXVariantGroup section */
		C8353DDF2059189900DE7F45 /* Main.storyboard */ = {
			isa = PBXVariantGroup;
			children = (
				C8353DE02059189900DE7F45 /* Base */,
			);
			name = Main.storyboard;
			sourceTree = "<group>";
		};
		C8353DE42059189900DE7F45 /* LaunchScreen.storyboard */ = {
			isa = PBXVariantGroup;
			children = (
				C8353DE52059189900DE7F45 /* Base */,
			);
			name = LaunchScreen.storyboard;
			sourceTree = "<group>";
		};
/* End PBXVariantGroup section */

/* Begin XCBuildConfiguration section */
		C8353DE82059189900DE7F45 /* Debug */ = {
			isa = XCBuildConfiguration;
			buildSettings = {
				ALWAYS_SEARCH_USER_PATHS = NO;
				CLANG_ANALYZER_NONNULL = YES;
				CLANG_CXX_LANGUAGE_STANDARD = "gnu++0x";
				CLANG_CXX_LIBRARY = "libc++";
				CLANG_ENABLE_MODULES = YES;
				CLANG_ENABLE_OBJC_ARC = YES;
				CLANG_WARN_BOOL_CONVERSION = YES;
				CLANG_WARN_CONSTANT_CONVERSION = YES;
				CLANG_WARN_DIRECT_OBJC_ISA_USAGE = YES_ERROR;
				CLANG_WARN_DOCUMENTATION_COMMENTS = YES;
				CLANG_WARN_EMPTY_BODY = YES;
				CLANG_WARN_ENUM_CONVERSION = YES;
				CLANG_WARN_INFINITE_RECURSION = YES;
				CLANG_WARN_INT_CONVERSION = YES;
				CLANG_WARN_OBJC_ROOT_CLASS = YES_ERROR;
				CLANG_WARN_SUSPICIOUS_MOVES = YES;
				CLANG_WARN_UNREACHABLE_CODE = YES;
				CLANG_WARN__DUPLICATE_METHOD_MATCH = YES;
				"CODE_SIGN_IDENTITY[sdk=iphoneos*]" = "iPhone Developer";
				COPY_PHASE_STRIP = NO;
				DEBUG_INFORMATION_FORMAT = dwarf;
				ENABLE_STRICT_OBJC_MSGSEND = YES;
				ENABLE_TESTABILITY = YES;
				GCC_C_LANGUAGE_STANDARD = gnu99;
				GCC_DYNAMIC_NO_PIC = NO;
				GCC_NO_COMMON_BLOCKS = YES;
				GCC_OPTIMIZATION_LEVEL = 0;
				GCC_PREPROCESSOR_DEFINITIONS = (
					"DEBUG=1",
					"$(inherited)",
				);
				GCC_WARN_64_TO_32_BIT_CONVERSION = YES;
				GCC_WARN_ABOUT_RETURN_TYPE = YES_ERROR;
				GCC_WARN_UNDECLARED_SELECTOR = YES;
				GCC_WARN_UNINITIALIZED_AUTOS = YES_AGGRESSIVE;
				GCC_WARN_UNUSED_FUNCTION = YES;
				GCC_WARN_UNUSED_VARIABLE = YES;
				IPHONEOS_DEPLOYMENT_TARGET = 10.1;
				MTL_ENABLE_DEBUG_INFO = YES;
				ONLY_ACTIVE_ARCH = YES;
				SDKROOT = iphoneos;
			};
			name = Debug;
		};
		C8353DE92059189900DE7F45 /* Release */ = {
			isa = XCBuildConfiguration;
			buildSettings = {
				ALWAYS_SEARCH_USER_PATHS = NO;
				CLANG_ANALYZER_NONNULL = YES;
				CLANG_CXX_LANGUAGE_STANDARD = "gnu++0x";
				CLANG_CXX_LIBRARY = "libc++";
				CLANG_ENABLE_MODULES = YES;
				CLANG_ENABLE_OBJC_ARC = YES;
				CLANG_WARN_BOOL_CONVERSION = YES;
				CLANG_WARN_CONSTANT_CONVERSION = YES;
				CLANG_WARN_DIRECT_OBJC_ISA_USAGE = YES_ERROR;
				CLANG_WARN_DOCUMENTATION_COMMENTS = YES;
				CLANG_WARN_EMPTY_BODY = YES;
				CLANG_WARN_ENUM_CONVERSION = YES;
				CLANG_WARN_INFINITE_RECURSION = YES;
				CLANG_WARN_INT_CONVERSION = YES;
				CLANG_WARN_OBJC_ROOT_CLASS = YES_ERROR;
				CLANG_WARN_SUSPICIOUS_MOVES = YES;
				CLANG_WARN_UNREACHABLE_CODE = YES;
				CLANG_WARN__DUPLICATE_METHOD_MATCH = YES;
				"CODE_SIGN_IDENTITY[sdk=iphoneos*]" = "iPhone Developer";
				COPY_PHASE_STRIP = NO;
				DEBUG_INFORMATION_FORMAT = "dwarf-with-dsym";
				ENABLE_NS_ASSERTIONS = NO;
				ENABLE_STRICT_OBJC_MSGSEND = YES;
				GCC_C_LANGUAGE_STANDARD = gnu99;
				GCC_NO_COMMON_BLOCKS = YES;
				GCC_WARN_64_TO_32_BIT_CONVERSION = YES;
				GCC_WARN_ABOUT_RETURN_TYPE = YES_ERROR;
				GCC_WARN_UNDECLARED_SELECTOR = YES;
				GCC_WARN_UNINITIALIZED_AUTOS = YES_AGGRESSIVE;
				GCC_WARN_UNUSED_FUNCTION = YES;
				GCC_WARN_UNUSED_VARIABLE = YES;
				IPHONEOS_DEPLOYMENT_TARGET = 10.1;
				MTL_ENABLE_DEBUG_INFO = NO;
				SDKROOT = iphoneos;
				VALIDATE_PRODUCT = YES;
			};
			name = Release;
		};
		C8353DEB2059189900DE7F45 /* Debug */ = {
			isa = XCBuildConfiguration;
			buildSettings = {
				ASSETCATALOG_COMPILER_APPICON_NAME = AppIcon;
				INFOPLIST_FILE = contentViewDemo/Info.plist;
				LD_RUNPATH_SEARCH_PATHS = "$(inherited) @executable_path/Frameworks";
				PRODUCT_BUNDLE_IDENTIFIER = RW.contentViewDemo;
				PRODUCT_NAME = "$(TARGET_NAME)";
			};
			name = Debug;
		};
		C8353DEC2059189900DE7F45 /* Release */ = {
			isa = XCBuildConfiguration;
			buildSettings = {
				ASSETCATALOG_COMPILER_APPICON_NAME = AppIcon;
				INFOPLIST_FILE = contentViewDemo/Info.plist;
				LD_RUNPATH_SEARCH_PATHS = "$(inherited) @executable_path/Frameworks";
				PRODUCT_BUNDLE_IDENTIFIER = RW.contentViewDemo;
				PRODUCT_NAME = "$(TARGET_NAME)";
			};
			name = Release;
		};
/* End XCBuildConfiguration section */

/* Begin XCConfigurationList section */
		C8353DCE2059189900DE7F45 /* Build configuration list for PBXProject "contentViewDemo" */ = {
			isa = XCConfigurationList;
			buildConfigurations = (
				C8353DE82059189900DE7F45 /* Debug */,
				C8353DE92059189900DE7F45 /* Release */,
			);
			defaultConfigurationIsVisible = 0;
			defaultConfigurationName = Release;
		};
		C8353DEA2059189900DE7F45 /* Build configuration list for PBXNativeTarget "contentViewDemo" */ = {
			isa = XCConfigurationList;
			buildConfigurations = (
				C8353DEB2059189900DE7F45 /* Debug */,
				C8353DEC2059189900DE7F45 /* Release */,
			);
			defaultConfigurationIsVisible = 0;
			defaultConfigurationName = Release;
		};
/* End XCConfigurationList section */
	};
	rootObject = C8353DCB2059189900DE7F45 /* Project object */;
}
